
Microsoft Visual Studio Solution File, Format Version 12.00
# Visual Studio Version 17
VisualStudioVersion = 17.14.36511.14 d17.14
MinimumVisualStudioVersion = 10.0.40219.1
Project("{FAE04EC0-301F-11D3-BF4B-00C04F79EFBC}") = "SmartHomeController", "SmartHomeController\SmartHomeController.csproj", "{EB6A54A3-DD16-4FD8-8817-53512D091ED1}"
EndProject
Global
	GlobalSection(SolutionConfigurationPlatforms) = preSolution
		Debug|Any CPU = Debug|Any CPU
		Release|Any CPU = Release|Any CPU
	EndGlobalSection
	GlobalSection(ProjectConfigurationPlatforms) = postSolution
		{EB6A54A3-DD16-4FD8-8817-53512D091ED1}.Debug|Any CPU.ActiveCfg = Debug|Any CPU
		{EB6A54A3-DD16-4FD8-8817-53512D091ED1}.Debug|Any CPU.Build.0 = Debug|Any CPU
		{EB6A54A3-DD16-4FD8-8817-53512D091ED1}.Release|Any CPU.ActiveCfg = Release|Any CPU
		{EB6A54A3-DD16-4FD8-8817-53512D091ED1}.Release|Any CPU.Build.0 = Release|Any CPU
	EndGlobalSection
	GlobalSection(SolutionProperties) = preSolution
		HideSolutionNode = FALSE
	EndGlobalSection
	GlobalSection(ExtensibilityGlobals) = postSolution
		SolutionGuid = {76F121F7-4531-4C13-85BA-340E85E9913E}
	EndGlobalSection
EndGlobal
